
Microsoft Visual Studio Solution File, Format Version 12.00
# Visual Studio 14
VisualStudioVersion = 14.0.24720.0
MinimumVisualStudioVersion = 10.0.40219.1
Project("{FAE04EC0-301F-11D3-BF4B-00C04F79EFBC}") = "Handsey", "Handsey\Handsey.csproj", "{F7D0E786-06C2-4E37-BE6F-8FF42A016443}"
EndProject
Project("{FAE04EC0-301F-11D3-BF4B-00C04F79EFBC}") = "Handsey.Tests", "Handsey.Tests\Handsey.Tests.csproj", "{413594FB-2A44-4FEE-BDC8-7121AA40D069}"
EndProject
Project("{FAE04EC0-301F-11D3-BF4B-00C04F79EFBC}") = "Handsey.Utilitites", "Handsey.Utilitites\Handsey.Utilitites.csproj", "{1C0513D9-4DA5-46C1-A98B-ED89C260C01A}"
EndProject
Project("{FAE04EC0-301F-11D3-BF4B-00C04F79EFBC}") = "Handsey.Tests.Integration", "Handsey.Tests.Integration\Handsey.Tests.Integration.csproj", "{8A454B59-863F-42FB-BC35-26049F4B5668}"
EndProject
Project("{FAE04EC0-301F-11D3-BF4B-00C04F79EFBC}") = "Handsey.Tests.ProfilerHarness", "Handsey.Tests.ProfilerHarness\Handsey.Tests.ProfilerHarness.csproj", "{FBD47D3D-79FD-42C3-B32B-997F4879D62B}"
EndProject
Global
	GlobalSection(SolutionConfigurationPlatforms) = preSolution
		Debug|Any CPU = Debug|Any CPU
		Release|Any CPU = Release|Any CPU
	EndGlobalSection
	GlobalSection(ProjectConfigurationPlatforms) = postSolution
		{F7D0E786-06C2-4E37-BE6F-8FF42A016443}.Debug|Any CPU.ActiveCfg = Debug|Any CPU
		{F7D0E786-06C2-4E37-BE6F-8FF42A016443}.Debug|Any CPU.Build.0 = Debug|Any CPU
		{F7D0E786-06C2-4E37-BE6F-8FF42A016443}.Release|Any CPU.ActiveCfg = Release|Any CPU
		{F7D0E786-06C2-4E37-BE6F-8FF42A016443}.Release|Any CPU.Build.0 = Release|Any CPU
		{413594FB-2A44-4FEE-BDC8-7121AA40D069}.Debug|Any CPU.ActiveCfg = Debug|Any CPU
		{413594FB-2A44-4FEE-BDC8-7121AA40D069}.Debug|Any CPU.Build.0 = Debug|Any CPU
		{413594FB-2A44-4FEE-BDC8-7121AA40D069}.Release|Any CPU.ActiveCfg = Release|Any CPU
		{413594FB-2A44-4FEE-BDC8-7121AA40D069}.Release|Any CPU.Build.0 = Release|Any CPU
		{1C0513D9-4DA5-46C1-A98B-ED89C260C01A}.Debug|Any CPU.ActiveCfg = Debug|Any CPU
		{1C0513D9-4DA5-46C1-A98B-ED89C260C01A}.Debug|Any CPU.Build.0 = Debug|Any CPU
		{1C0513D9-4DA5-46C1-A98B-ED89C260C01A}.Release|Any CPU.ActiveCfg = Release|Any CPU
		{1C0513D9-4DA5-46C1-A98B-ED89C260C01A}.Release|Any CPU.Build.0 = Release|Any CPU
		{8A454B59-863F-42FB-BC35-26049F4B5668}.Debug|Any CPU.ActiveCfg = Debug|Any CPU
		{8A454B59-863F-42FB-BC35-26049F4B5668}.Debug|Any CPU.Build.0 = Debug|Any CPU
		{8A454B59-863F-42FB-BC35-26049F4B5668}.Release|Any CPU.ActiveCfg = Release|Any CPU
		{8A454B59-863F-42FB-BC35-26049F4B5668}.Release|Any CPU.Build.0 = Release|Any CPU
		{FBD47D3D-79FD-42C3-B32B-997F4879D62B}.Debug|Any CPU.ActiveCfg = Debug|Any CPU
		{FBD47D3D-79FD-42C3-B32B-997F4879D62B}.Debug|Any CPU.Build.0 = Debug|Any CPU
		{FBD47D3D-79FD-42C3-B32B-997F4879D62B}.Release|Any CPU.ActiveCfg = Release|Any CPU
		{FBD47D3D-79FD-42C3-B32B-997F4879D62B}.Release|Any CPU.Build.0 = Release|Any CPU
	EndGlobalSection
	GlobalSection(SolutionProperties) = preSolution
		HideSolutionNode = FALSE
	EndGlobalSection
EndGlobal
